
Microsoft Visual Studio Solution File, Format Version 12.00
# Visual Studio Version 17
VisualStudioVersion = 17.10.35122.118
MinimumVisualStudioVersion = 10.0.40219.1
Project("{FAE04EC0-301F-11D3-BF4B-00C04F79EFBC}") = "HASHSET_STRUCTURE", "HASHSET_STRUCTURE\HASHSET_STRUCTURE.csproj", "{1817F69A-DB9C-4FDE-8FBA-F7F7E9ED1144}"
EndProject
Global
	GlobalSection(SolutionConfigurationPlatforms) = preSolution
		Debug|Any CPU = Debug|Any CPU
		Release|Any CPU = Release|Any CPU
	EndGlobalSection
	GlobalSection(ProjectConfigurationPlatforms) = postSolution
		{1817F69A-DB9C-4FDE-8FBA-F7F7E9ED1144}.Debug|Any CPU.ActiveCfg = Debug|Any CPU
		{1817F69A-DB9C-4FDE-8FBA-F7F7E9ED1144}.Debug|Any CPU.Build.0 = Debug|Any CPU
		{1817F69A-DB9C-4FDE-8FBA-F7F7E9ED1144}.Release|Any CPU.ActiveCfg = Release|Any CPU
		{1817F69A-DB9C-4FDE-8FBA-F7F7E9ED1144}.Release|Any CPU.Build.0 = Release|Any CPU
	EndGlobalSection
	GlobalSection(SolutionProperties) = preSolution
		HideSolutionNode = FALSE
	EndGlobalSection
	GlobalSection(ExtensibilityGlobals) = postSolution
		SolutionGuid = {97AA7266-7B1E-496A-9D3F-2A669BCEDAF4}
	EndGlobalSection
EndGlobal
